// !$*UTF8*$!
{
	archiveVersion = 1;
	classes = {
	};
	objectVersion = 48;
	objects = {

/* Begin PBXBuildFile section */
		934323A2209C992600500789 /* AppDelegate.swift in Sources */ = {isa = PBXBuildFile; fileRef = 934323A1209C992600500789 /* AppDelegate.swift */; };
		934323A4209C992600500789 /* ViewController.swift in Sources */ = {isa = PBXBuildFile; fileRef = 934323A3209C992600500789 /* ViewController.swift */; };
		934323A7209C992600500789 /* Main.storyboard in Resources */ = {isa = PBXBuildFile; fileRef = 934323A5209C992600500789 /* Main.storyboard */; };
		934323A9209C992600500789 /* Assets.xcassets in Resources */ = {isa = PBXBuildFile; fileRef = 934323A8209C992600500789 /* Assets.xcassets */; };
		934323AC209C992600500789 /* LaunchScreen.storyboard in Resources */ = {isa = PBXBuildFile; fileRef = 934323AA209C992600500789 /* LaunchScreen.storyboard */; };
		934323B4209C995500500789 /* ColorRedView.swift in Sources */ = {isa = PBXBuildFile; fileRef = 934323B3209C995500500789 /* ColorRedView.swift */; };
		934323B6209C996500500789 /* ColorOrangeView.swift in Sources */ = {isa = PBXBuildFile; fileRef = 934323B5209C996500500789 /* ColorOrangeView.swift */; };
		934323B8209C997400500789 /* ColorYellowView.swift in Sources */ = {isa = PBXBuildFile; fileRef = 934323B7209C997400500789 /* ColorYellowView.swift */; };
/* End PBXBuildFile section */

/* Begin PBXFileReference section */
		9343239E209C992600500789 /* PointInsideExample.app */ = {isa = PBXFileReference; explicitFileType = wrapper.application; includeInIndex = 0; path = PointInsideExample.app; sourceTree = BUILT_PRODUCTS_DIR; };
		934323A1209C992600500789 /* AppDelegate.swift */ = {isa = PBXFileReference; lastKnownFileType = sourcecode.swift; path = AppDelegate.swift; sourceTree = "<group>"; };
		934323A3209C992600500789 /* ViewController.swift */ = {isa = PBXFileReference; lastKnownFileType = sourcecode.swift; path = ViewController.swift; sourceTree = "<group>"; };
		934323A6209C992600500789 /* Base */ = {isa = PBXFileReference; lastKnownFileType = file.storyboard; name = Base; path = Base.lproj/Main.storyboard; sourceTree = "<group>"; };
		934323A8209C992600500789 /* Assets.xcassets */ = {isa = PBXFileReference; lastKnownFileType = folder.assetcatalog; path = Assets.xcassets; sourceTree = "<group>"; };
		934323AB209C992600500789 /* Base */ = {isa = PBXFileReference; lastKnownFileType = file.storyboard; name = Base; path = Base.lproj/LaunchScreen.storyboard; sourceTree = "<group>"; };
		934323AD209C992600500789 /* Info.plist */ = {isa = PBXFileReference; lastKnownFileType = text.plist.xml; path = Info.plist; sourceTree = "<group>"; };
		934323B3209C995500500789 /* ColorRedView.swift */ = {isa = PBXFileReference; lastKnownFileType = sourcecode.swift; path = ColorRedView.swift; sourceTree = "<group>"; };
		934323B5209C996500500789 /* ColorOrangeView.swift */ = {isa = PBXFileReference; lastKnownFileType = sourcecode.swift; path = ColorOrangeView.swift; sourceTree = "<group>"; };
		934323B7209C997400500789 /* ColorYellowView.swift */ = {isa = PBXFileReference; lastKnownFileType = sourcecode.swift; path = ColorYellowView.swift; sourceTree = "<group>"; };
/* End PBXFileReference section */

/* Begin PBXFrameworksBuildPhase section */
		9343239B209C992600500789 /* Frameworks */ = {
			isa = PBXFrameworksBuildPhase;
			buildActionMask = 2147483647;
			files = (
			);
			runOnlyForDeploymentPostprocessing = 0;
		};
/* End PBXFrameworksBuildPhase section */

/* Begin PBXGroup section */
		93432395209C992600500789 = {
			isa = PBXGroup;
			children = (
				934323A0209C992600500789 /* PointInsideExample */,
				9343239F209C992600500789 /* Products */,
			);
			sourceTree = "<group>";
		};
		9343239F209C992600500789 /* Products */ = {
			isa = PBXGroup;
			children = (
				9343239E209C992600500789 /* PointInsideExample.app */,
			);
			name = Products;
			sourceTree = "<group>";
		};
		934323A0209C992600500789 /* PointInsideExample */ = {
			isa = PBXGroup;
			children = (
				934323A1209C992600500789 /* AppDelegate.swift */,
				934323A8209C992600500789 /* Assets.xcassets */,
				934323B5209C996500500789 /* ColorOrangeView.swift */,
				934323B3209C995500500789 /* ColorRedView.swift */,
				934323B7209C997400500789 /* ColorYellowView.swift */,
				934323AD209C992600500789 /* Info.plist */,
				934323AA209C992600500789 /* LaunchScreen.storyboard */,
				934323A5209C992600500789 /* Main.storyboard */,
				934323A3209C992600500789 /* ViewController.swift */,
			);
			path = PointInsideExample;
			sourceTree = "<group>";
		};
/* End PBXGroup section */

/* Begin PBXNativeTarget section */
		9343239D209C992600500789 /* PointInsideExample */ = {
			isa = PBXNativeTarget;
			buildConfigurationList = 934323B0209C992600500789 /* Build configuration list for PBXNativeTarget "PointInsideExample" */;
			buildPhases = (
				9343239A209C992600500789 /* Sources */,
				9343239B209C992600500789 /* Frameworks */,
				9343239C209C992600500789 /* Resources */,
			);
			buildRules = (
			);
			dependencies = (
			);
			name = PointInsideExample;
			productName = PointInsideExample;
			productReference = 9343239E209C992600500789 /* PointInsideExample.app */;
			productType = "com.apple.product-type.application";
		};
/* End PBXNativeTarget section */

/* Begin PBXProject section */
		93432396209C992600500789 /* Project object */ = {
			isa = PBXProject;
			attributes = {
				LastSwiftUpdateCheck = 0920;
				LastUpgradeCheck = 0920;
				ORGANIZATIONNAME = "NYC DoITT";
				TargetAttributes = {
					9343239D209C992600500789 = {
						CreatedOnToolsVersion = 9.2;
						ProvisioningStyle = Automatic;
					};
				};
			};
			buildConfigurationList = 93432399209C992600500789 /* Build configuration list for PBXProject "PointInsideExample" */;
			compatibilityVersion = "Xcode 8.0";
			developmentRegion = en;
			hasScannedForEncodings = 0;
			knownRegions = (
				en,
				Base,
			);
			mainGroup = 93432395209C992600500789;
			productRefGroup = 9343239F209C992600500789 /* Products */;
			projectDirPath = "";
			projectRoot = "";
			targets = (
				9343239D209C992600500789 /* PointInsideExample */,
			);
		};
/* End PBXProject section */

/* Begin PBXResourcesBuildPhase section */
		9343239C209C992600500789 /* Resources */ = {
			isa = PBXResourcesBuildPhase;
			buildActionMask = 2147483647;
			files = (
				934323AC209C992600500789 /* LaunchScreen.storyboard in Resources */,
				934323A9209C992600500789 /* Assets.xcassets in Resources */,
				934323A7209C992600500789 /* Main.storyboard in Resources */,
			);
			runOnlyForDeploymentPostprocessing = 0;
		};
/* End PBXResourcesBuildPhase section */

/* Begin PBXSourcesBuildPhase section */
		9343239A209C992600500789 /* Sources */ = {
			isa = PBXSourcesBuildPhase;
			buildActionMask = 2147483647;
			files = (
				934323A4209C992600500789 /* ViewController.swift in Sources */,
				934323B4209C995500500789 /* ColorRedView.swift in Sources */,
				934323B6209C996500500789 /* ColorOrangeView.swift in Sources */,
				934323A2209C992600500789 /* AppDelegate.swift in Sources */,
				934323B8209C997400500789 /* ColorYellowView.swift in Sources */,
			);
			runOnlyForDeploymentPostprocessing = 0;
		};
/* End PBXSourcesBuildPhase section */

/* Begin PBXVariantGroup section */
		934323A5209C992600500789 /* Main.storyboard */ = {
			isa = PBXVariantGroup;
			children = (
				934323A6209C992600500789 /* Base */,
			);
			name = Main.storyboard;
			sourceTree = "<group>";
		};
		934323AA209C992600500789 /* LaunchScreen.storyboard */ = {
			isa = PBXVariantGroup;
			children = (
				934323AB209C992600500789 /* Base */,
			);
			name = LaunchScreen.storyboard;
			sourceTree = "<group>";
		};
/* End PBXVariantGroup section */

/* Begin XCBuildConfiguration section */
		934323AE209C992600500789 /* Debug */ = {
			isa = XCBuildConfiguration;
			buildSettings = {
				ALWAYS_SEARCH_USER_PATHS = NO;
				CLANG_ANALYZER_NONNULL = YES;
				CLANG_ANALYZER_NUMBER_OBJECT_CONVERSION = YES_AGGRESSIVE;
				CLANG_CXX_LANGUAGE_STANDARD = "gnu++14";
				CLANG_CXX_LIBRARY = "libc++";
				CLANG_ENABLE_MODULES = YES;
				CLANG_ENABLE_OBJC_ARC = YES;
				CLANG_WARN_BLOCK_CAPTURE_AUTORELEASING = YES;
				CLANG_WARN_BOOL_CONVERSION = YES;
				CLANG_WARN_COMMA = YES;
				CLANG_WARN_CONSTANT_CONVERSION = YES;
				CLANG_WARN_DIRECT_OBJC_ISA_USAGE = YES_ERROR;
				CLANG_WARN_DOCUMENTATION_COMMENTS = YES;
				CLANG_WARN_EMPTY_BODY = YES;
				CLANG_WARN_ENUM_CONVERSION = YES;
				CLANG_WARN_INFINITE_RECURSION = YES;
				CLANG_WARN_INT_CONVERSION = YES;
				CLANG_WARN_NON_LITERAL_NULL_CONVERSION = YES;
				CLANG_WARN_OBJC_LITERAL_CONVERSION = YES;
				CLANG_WARN_OBJC_ROOT_CLASS = YES_ERROR;
				CLANG_WARN_RANGE_LOOP_ANALYSIS = YES;
				CLANG_WARN_STRICT_PROTOTYPES = YES;
				CLANG_WARN_SUSPICIOUS_MOVE = YES;
				CLANG_WARN_UNGUARDED_AVAILABILITY = YES_AGGRESSIVE;
				CLANG_WARN_UNREACHABLE_CODE = YES;
				CLANG_WARN__DUPLICATE_METHOD_MATCH = YES;
				CODE_SIGN_IDENTITY = "iPhone Developer";
				COPY_PHASE_STRIP = NO;
				DEBUG_INFORMATION_FORMAT = dwarf;
				ENABLE_STRICT_OBJC_MSGSEND = YES;
				ENABLE_TESTABILITY = YES;
				GCC_C_LANGUAGE_STANDARD = gnu11;
				GCC_DYNAMIC_NO_PIC = NO;
				GCC_NO_COMMON_BLOCKS = YES;
				GCC_OPTIMIZATION_LEVEL = 0;
				GCC_PREPROCESSOR_DEFINITIONS = (
					"DEBUG=1",
					"$(inherited)",
				);
				GCC_WARN_64_TO_32_BIT_CONVERSION = YES;
				GCC_WARN_ABOUT_RETURN_TYPE = YES_ERROR;
				GCC_WARN_UNDECLARED_SELECTOR = YES;
				GCC_WARN_UNINITIALIZED_AUTOS = YES_AGGRESSIVE;
				GCC_WARN_UNUSED_FUNCTION = YES;
				GCC_WARN_UNUSED_VARIABLE = YES;
				IPHONEOS_DEPLOYMENT_TARGET = 11.2;
				MTL_ENABLE_DEBUG_INFO = YES;
				ONLY_ACTIVE_ARCH = YES;
				SDKROOT = iphoneos;
				SWIFT_ACTIVE_COMPILATION_CONDITIONS = DEBUG;
				SWIFT_OPTIMIZATION_LEVEL = "-Onone";
			};
			name = Debug;
		};
		934323AF209C992600500789 /* Release */ = {
			isa = XCBuildConfiguration;
			buildSettings = {
				ALWAYS_SEARCH_USER_PATHS = NO;
				CLANG_ANALYZER_NONNULL = YES;
				CLANG_ANALYZER_NUMBER_OBJECT_CONVERSION = YES_AGGRESSIVE;
				CLANG_CXX_LANGUAGE_STANDARD = "gnu++14";
				CLANG_CXX_LIBRARY = "libc++";
				CLANG_ENABLE_MODULES = YES;
				CLANG_ENABLE_OBJC_ARC = YES;
				CLANG_WARN_BLOCK_CAPTURE_AUTORELEASING = YES;
				CLANG_WARN_BOOL_CONVERSION = YES;
				CLANG_WARN_COMMA = YES;
				CLANG_WARN_CONSTANT_CONVERSION = YES;
				CLANG_WARN_DIRECT_OBJC_ISA_USAGE = YES_ERROR;
				CLANG_WARN_DOCUMENTATION_COMMENTS = YES;
				CLANG_WARN_EMPTY_BODY = YES;
				CLANG_WARN_ENUM_CONVERSION = YES;
				CLANG_WARN_INFINITE_RECURSION = YES;
				CLANG_WARN_INT_CONVERSION = YES;
				CLANG_WARN_NON_LITERAL_NULL_CONVERSION = YES;
				CLANG_WARN_OBJC_LITERAL_CONVERSION = YES;
				CLANG_WARN_OBJC_ROOT_CLASS = YES_ERROR;
				CLANG_WARN_RANGE_LOOP_ANALYSIS = YES;
				CLANG_WARN_STRICT_PROTOTYPES = YES;
				CLANG_WARN_SUSPICIOUS_MOVE = YES;
				CLANG_WARN_UNGUARDED_AVAILABILITY = YES_AGGRESSIVE;
				CLANG_WARN_UNREACHABLE_CODE = YES;
				CLANG_WARN__DUPLICATE_METHOD_MATCH = YES;
				CODE_SIGN_IDENTITY = "iPhone Developer";
				COPY_PHASE_STRIP = NO;
				DEBUG_INFORMATION_FORMAT = "dwarf-with-dsym";
				ENABLE_NS_ASSERTIONS = NO;
				ENABLE_STRICT_OBJC_MSGSEND = YES;
				GCC_C_LANGUAGE_STANDARD = gnu11;
				GCC_NO_COMMON_BLOCKS = YES;
				GCC_WARN_64_TO_32_BIT_CONVERSION = YES;
				GCC_WARN_ABOUT_RETURN_TYPE = YES_ERROR;
				GCC_WARN_UNDECLARED_SELECTOR = YES;
				GCC_WARN_UNINITIALIZED_AUTOS = YES_AGGRESSIVE;
				GCC_WARN_UNUSED_FUNCTION = YES;
				GCC_WARN_UNUSED_VARIABLE = YES;
				IPHONEOS_DEPLOYMENT_TARGET = 11.2;
				MTL_ENABLE_DEBUG_INFO = NO;
				SDKROOT = iphoneos;
				SWIFT_OPTIMIZATION_LEVEL = "-Owholemodule";
				VALIDATE_PRODUCT = YES;
			};
			name = Release;
		};
		934323B1209C992600500789 /* Debug */ = {
			isa = XCBuildConfiguration;
			buildSettings = {
				ASSETCATALOG_COMPILER_APPICON_NAME = AppIcon;
				CODE_SIGN_STYLE = Automatic;
				DEVELOPMENT_TEAM = E5LW2CH45C;
				INFOPLIST_FILE = PointInsideExample/Info.plist;
				LD_RUNPATH_SEARCH_PATHS = "$(inherited) @executable_path/Frameworks";
				PRODUCT_BUNDLE_IDENTIFIER = gov.nyc.doitt.PointInsideExample;
				PRODUCT_NAME = "$(TARGET_NAME)";
				SWIFT_VERSION = 4.0;
				TARGETED_DEVICE_FAMILY = "1,2";
			};
			name = Debug;
		};
		934323B2209C992600500789 /* Release */ = {
			isa = XCBuildConfiguration;
			buildSettings = {
				ASSETCATALOG_COMPILER_APPICON_NAME = AppIcon;
				CODE_SIGN_STYLE = Automatic;
				DEVELOPMENT_TEAM = E5LW2CH45C;
				INFOPLIST_FILE = PointInsideExample/Info.plist;
				LD_RUNPATH_SEARCH_PATHS = "$(inherited) @executable_path/Frameworks";
				PRODUCT_BUNDLE_IDENTIFIER = gov.nyc.doitt.PointInsideExample;
				PRODUCT_NAME = "$(TARGET_NAME)";
				SWIFT_VERSION = 4.0;
				TARGETED_DEVICE_FAMILY = "1,2";
			};
			name = Release;
		};
/* End XCBuildConfiguration section */

/* Begin XCConfigurationList section */
		93432399209C992600500789 /* Build configuration list for PBXProject "PointInsideExample" */ = {
			isa = XCConfigurationList;
			buildConfigurations = (
				934323AE209C992600500789 /* Debug */,
				934323AF209C992600500789 /* Release */,
			);
			defaultConfigurationIsVisible = 0;
			defaultConfigurationName = Release;
		};
		934323B0209C992600500789 /* Build configuration list for PBXNativeTarget "PointInsideExample" */ = {
			isa = XCConfigurationList;
			buildConfigurations = (
				934323B1209C992600500789 /* Debug */,
				934323B2209C992600500789 /* Release */,
			);
			defaultConfigurationIsVisible = 0;
			defaultConfigurationName = Release;
		};
/* End XCConfigurationList section */
	};
	rootObject = 93432396209C992600500789 /* Project object */;
}
